// !$*UTF8*$!
{
	archiveVersion = 1;
	classes = {
	};
	objectVersion = 46;
	objects = {

/* Begin PBXBuildFile section */
		1A5F588B1E242DEB002BBBF6 /* Bolts.framework in Frameworks */ = {isa = PBXBuildFile; fileRef = 1A5F588A1E242DEB002BBBF6 /* Bolts.framework */; };
		1A5F588D1E242DF8002BBBF6 /* FBSDKShareKit.framework in Frameworks */ = {isa = PBXBuildFile; fileRef = 1A5F588C1E242DF8002BBBF6 /* FBSDKShareKit.framework */; };
		1A5F588F1E242DFF002BBBF6 /* FBSDKLoginKit.framework in Frameworks */ = {isa = PBXBuildFile; fileRef = 1A5F588E1E242DFF002BBBF6 /* FBSDKLoginKit.framework */; };
		1A5F58911E242E0B002BBBF6 /* FBSDKCoreKit.framework in Frameworks */ = {isa = PBXBuildFile; fileRef = 1A5F58901E242E0B002BBBF6 /* FBSDKCoreKit.framework */; };
		1A5F58941E243349002BBBF6 /* MenuViewController.m in Sources */ = {isa = PBXBuildFile; fileRef = 1A5F58931E243349002BBBF6 /* MenuViewController.m */; };
		5CE42B8D1E23FBA200708591 /* UsersTableViewController.m in Sources */ = {isa = PBXBuildFile; fileRef = 5CE42B8C1E23FBA200708591 /* UsersTableViewController.m */; };
		5CFA20C71E21569100B296C6 /* main.m in Sources */ = {isa = PBXBuildFile; fileRef = 5CFA20C61E21569100B296C6 /* main.m */; };
		5CFA20CA1E21569100B296C6 /* AppDelegate.m in Sources */ = {isa = PBXBuildFile; fileRef = 5CFA20C91E21569100B296C6 /* AppDelegate.m */; };
		5CFA20CD1E21569100B296C6 /* ViewController.m in Sources */ = {isa = PBXBuildFile; fileRef = 5CFA20CC1E21569100B296C6 /* ViewController.m */; };
		5CFA20D01E21569200B296C6 /* Main.storyboard in Resources */ = {isa = PBXBuildFile; fileRef = 5CFA20CE1E21569200B296C6 /* Main.storyboard */; };
		5CFA20D31E21569200B296C6 /* do_you_even_lift.xcdatamodeld in Sources */ = {isa = PBXBuildFile; fileRef = 5CFA20D11E21569200B296C6 /* do_you_even_lift.xcdatamodeld */; };
		5CFA20D51E21569200B296C6 /* Assets.xcassets in Resources */ = {isa = PBXBuildFile; fileRef = 5CFA20D41E21569200B296C6 /* Assets.xcassets */; };
		5CFA20D81E21569200B296C6 /* LaunchScreen.storyboard in Resources */ = {isa = PBXBuildFile; fileRef = 5CFA20D61E21569200B296C6 /* LaunchScreen.storyboard */; };
		5CFA20E31E21569200B296C6 /* do_you_even_liftTests.m in Sources */ = {isa = PBXBuildFile; fileRef = 5CFA20E21E21569200B296C6 /* do_you_even_liftTests.m */; };
		5CFA20EE1E21569200B296C6 /* do_you_even_liftUITests.m in Sources */ = {isa = PBXBuildFile; fileRef = 5CFA20ED1E21569200B296C6 /* do_you_even_liftUITests.m */; };
/* End PBXBuildFile section */

/* Begin PBXContainerItemProxy section */
		5CFA20DF1E21569200B296C6 /* PBXContainerItemProxy */ = {
			isa = PBXContainerItemProxy;
			containerPortal = 5CFA20BA1E21569100B296C6 /* Project object */;
			proxyType = 1;
			remoteGlobalIDString = 5CFA20C11E21569100B296C6;
			remoteInfo = "do-you-even-lift";
		};
		5CFA20EA1E21569200B296C6 /* PBXContainerItemProxy */ = {
			isa = PBXContainerItemProxy;
			containerPortal = 5CFA20BA1E21569100B296C6 /* Project object */;
			proxyType = 1;
			remoteGlobalIDString = 5CFA20C11E21569100B296C6;
			remoteInfo = "do-you-even-lift";
		};
/* End PBXContainerItemProxy section */

/* Begin PBXFileReference section */
		1A5F588A1E242DEB002BBBF6 /* Bolts.framework */ = {isa = PBXFileReference; lastKnownFileType = wrapper.framework; name = Bolts.framework; path = ../../../home/aca13da/Documents/FacebookSDK/Bolts.framework; sourceTree = "<group>"; };
		1A5F588C1E242DF8002BBBF6 /* FBSDKShareKit.framework */ = {isa = PBXFileReference; lastKnownFileType = wrapper.framework; name = FBSDKShareKit.framework; path = ../../../home/aca13da/Documents/FacebookSDK/FBSDKShareKit.framework; sourceTree = "<group>"; };
		1A5F588E1E242DFF002BBBF6 /* FBSDKLoginKit.framework */ = {isa = PBXFileReference; lastKnownFileType = wrapper.framework; name = FBSDKLoginKit.framework; path = ../../../home/aca13da/Documents/FacebookSDK/FBSDKLoginKit.framework; sourceTree = "<group>"; };
		1A5F58901E242E0B002BBBF6 /* FBSDKCoreKit.framework */ = {isa = PBXFileReference; lastKnownFileType = wrapper.framework; name = FBSDKCoreKit.framework; path = ../../../home/aca13da/Documents/FacebookSDK/FBSDKCoreKit.framework; sourceTree = "<group>"; };
		1A5F58921E243349002BBBF6 /* MenuViewController.h */ = {isa = PBXFileReference; fileEncoding = 4; lastKnownFileType = sourcecode.c.h; path = MenuViewController.h; sourceTree = "<group>"; };
		1A5F58931E243349002BBBF6 /* MenuViewController.m */ = {isa = PBXFileReference; fileEncoding = 4; lastKnownFileType = sourcecode.c.objc; path = MenuViewController.m; sourceTree = "<group>"; };
		5CE42B8B1E23FBA200708591 /* UsersTableViewController.h */ = {isa = PBXFileReference; fileEncoding = 4; lastKnownFileType = sourcecode.c.h; path = UsersTableViewController.h; sourceTree = "<group>"; };
		5CE42B8C1E23FBA200708591 /* UsersTableViewController.m */ = {isa = PBXFileReference; fileEncoding = 4; lastKnownFileType = sourcecode.c.objc; path = UsersTableViewController.m; sourceTree = "<group>"; };
		5CFA20C21E21569100B296C6 /* do-you-even-lift.app */ = {isa = PBXFileReference; explicitFileType = wrapper.application; includeInIndex = 0; path = "do-you-even-lift.app"; sourceTree = BUILT_PRODUCTS_DIR; };
		5CFA20C61E21569100B296C6 /* main.m */ = {isa = PBXFileReference; lastKnownFileType = sourcecode.c.objc; path = main.m; sourceTree = "<group>"; };
		5CFA20C81E21569100B296C6 /* AppDelegate.h */ = {isa = PBXFileReference; lastKnownFileType = sourcecode.c.h; path = AppDelegate.h; sourceTree = "<group>"; };
		5CFA20C91E21569100B296C6 /* AppDelegate.m */ = {isa = PBXFileReference; lastKnownFileType = sourcecode.c.objc; path = AppDelegate.m; sourceTree = "<group>"; };
		5CFA20CB1E21569100B296C6 /* ViewController.h */ = {isa = PBXFileReference; lastKnownFileType = sourcecode.c.h; path = ViewController.h; sourceTree = "<group>"; };
		5CFA20CC1E21569100B296C6 /* ViewController.m */ = {isa = PBXFileReference; lastKnownFileType = sourcecode.c.objc; path = ViewController.m; sourceTree = "<group>"; };
		5CFA20CF1E21569200B296C6 /* Base */ = {isa = PBXFileReference; lastKnownFileType = file.storyboard; name = Base; path = Base.lproj/Main.storyboard; sourceTree = "<group>"; };
		5CFA20D21E21569200B296C6 /* do_you_even_lift.xcdatamodel */ = {isa = PBXFileReference; lastKnownFileType = wrapper.xcdatamodel; path = do_you_even_lift.xcdatamodel; sourceTree = "<group>"; };
		5CFA20D41E21569200B296C6 /* Assets.xcassets */ = {isa = PBXFileReference; lastKnownFileType = folder.assetcatalog; path = Assets.xcassets; sourceTree = "<group>"; };
		5CFA20D71E21569200B296C6 /* Base */ = {isa = PBXFileReference; lastKnownFileType = file.storyboard; name = Base; path = Base.lproj/LaunchScreen.storyboard; sourceTree = "<group>"; };
		5CFA20D91E21569200B296C6 /* Info.plist */ = {isa = PBXFileReference; lastKnownFileType = text.plist.xml; path = Info.plist; sourceTree = "<group>"; };
		5CFA20DE1E21569200B296C6 /* do-you-even-liftTests.xctest */ = {isa = PBXFileReference; explicitFileType = wrapper.cfbundle; includeInIndex = 0; path = "do-you-even-liftTests.xctest"; sourceTree = BUILT_PRODUCTS_DIR; };
		5CFA20E21E21569200B296C6 /* do_you_even_liftTests.m */ = {isa = PBXFileReference; lastKnownFileType = sourcecode.c.objc; path = do_you_even_liftTests.m; sourceTree = "<group>"; };
		5CFA20E41E21569200B296C6 /* Info.plist */ = {isa = PBXFileReference; lastKnownFileType = text.plist.xml; path = Info.plist; sourceTree = "<group>"; };
		5CFA20E91E21569200B296C6 /* do-you-even-liftUITests.xctest */ = {isa = PBXFileReference; explicitFileType = wrapper.cfbundle; includeInIndex = 0; path = "do-you-even-liftUITests.xctest"; sourceTree = BUILT_PRODUCTS_DIR; };
		5CFA20ED1E21569200B296C6 /* do_you_even_liftUITests.m */ = {isa = PBXFileReference; lastKnownFileType = sourcecode.c.objc; path = do_you_even_liftUITests.m; sourceTree = "<group>"; };
		5CFA20EF1E21569300B296C6 /* Info.plist */ = {isa = PBXFileReference; lastKnownFileType = text.plist.xml; path = Info.plist; sourceTree = "<group>"; };
/* End PBXFileReference section */

/* Begin PBXFrameworksBuildPhase section */
		5CFA20BF1E21569100B296C6 /* Frameworks */ = {
			isa = PBXFrameworksBuildPhase;
			buildActionMask = 2147483647;
			files = (
				1A5F588B1E242DEB002BBBF6 /* Bolts.framework in Frameworks */,
				1A5F588D1E242DF8002BBBF6 /* FBSDKShareKit.framework in Frameworks */,
				1A5F588F1E242DFF002BBBF6 /* FBSDKLoginKit.framework in Frameworks */,
				1A5F58911E242E0B002BBBF6 /* FBSDKCoreKit.framework in Frameworks */,
			);
			runOnlyForDeploymentPostprocessing = 0;
		};
		5CFA20DB1E21569200B296C6 /* Frameworks */ = {
			isa = PBXFrameworksBuildPhase;
			buildActionMask = 2147483647;
			files = (
			);
			runOnlyForDeploymentPostprocessing = 0;
		};
		5CFA20E61E21569200B296C6 /* Frameworks */ = {
			isa = PBXFrameworksBuildPhase;
			buildActionMask = 2147483647;
			files = (
			);
			runOnlyForDeploymentPostprocessing = 0;
		};
/* End PBXFrameworksBuildPhase section */

/* Begin PBXGroup section */
		5CFA20B91E21569100B296C6 = {
			isa = PBXGroup;
			children = (
				5CFA20FB1E2156A300B296C6 /* Frameworks */,
				5CFA20C41E21569100B296C6 /* do-you-even-lift */,
				5CFA20E11E21569200B296C6 /* do-you-even-liftTests */,
				5CFA20EC1E21569200B296C6 /* do-you-even-liftUITests */,
				5CFA20C31E21569100B296C6 /* Products */,
			);
			sourceTree = "<group>";
		};
		5CFA20C31E21569100B296C6 /* Products */ = {
			isa = PBXGroup;
			children = (
				5CFA20C21E21569100B296C6 /* do-you-even-lift.app */,
				5CFA20DE1E21569200B296C6 /* do-you-even-liftTests.xctest */,
				5CFA20E91E21569200B296C6 /* do-you-even-liftUITests.xctest */,
			);
			name = Products;
			sourceTree = "<group>";
		};
		5CFA20C41E21569100B296C6 /* do-you-even-lift */ = {
			isa = PBXGroup;
			children = (
				5CFA20C81E21569100B296C6 /* AppDelegate.h */,
				5CFA20C91E21569100B296C6 /* AppDelegate.m */,
				5CFA20CB1E21569100B296C6 /* ViewController.h */,
				5CFA20CC1E21569100B296C6 /* ViewController.m */,
				5CE42B8B1E23FBA200708591 /* UsersTableViewController.h */,
				5CE42B8C1E23FBA200708591 /* UsersTableViewController.m */,
				5CFA20CE1E21569200B296C6 /* Main.storyboard */,
				1A5F58921E243349002BBBF6 /* MenuViewController.h */,
				1A5F58931E243349002BBBF6 /* MenuViewController.m */,
				5CFA20D41E21569200B296C6 /* Assets.xcassets */,
				5CFA20D61E21569200B296C6 /* LaunchScreen.storyboard */,
				5CFA20D91E21569200B296C6 /* Info.plist */,
				5CFA20D11E21569200B296C6 /* do_you_even_lift.xcdatamodeld */,
				5CFA20C51E21569100B296C6 /* Supporting Files */,
			);
			path = "do-you-even-lift";
			sourceTree = "<group>";
		};
		5CFA20C51E21569100B296C6 /* Supporting Files */ = {
			isa = PBXGroup;
			children = (
				5CFA20C61E21569100B296C6 /* main.m */,
			);
			name = "Supporting Files";
			sourceTree = "<group>";
		};
		5CFA20E11E21569200B296C6 /* do-you-even-liftTests */ = {
			isa = PBXGroup;
			children = (
				5CFA20E21E21569200B296C6 /* do_you_even_liftTests.m */,
				5CFA20E41E21569200B296C6 /* Info.plist */,
			);
			path = "do-you-even-liftTests";
			sourceTree = "<group>";
		};
		5CFA20EC1E21569200B296C6 /* do-you-even-liftUITests */ = {
			isa = PBXGroup;
			children = (
				5CFA20ED1E21569200B296C6 /* do_you_even_liftUITests.m */,
				5CFA20EF1E21569300B296C6 /* Info.plist */,
			);
			path = "do-you-even-liftUITests";
			sourceTree = "<group>";
		};
		5CFA20FB1E2156A300B296C6 /* Frameworks */ = {
			isa = PBXGroup;
			children = (
				1A5F588A1E242DEB002BBBF6 /* Bolts.framework */,
				1A5F58901E242E0B002BBBF6 /* FBSDKCoreKit.framework */,
				1A5F588C1E242DF8002BBBF6 /* FBSDKShareKit.framework */,
				1A5F588E1E242DFF002BBBF6 /* FBSDKLoginKit.framework */,
			);
			name = Frameworks;
			sourceTree = "<group>";
		};
/* End PBXGroup section */

/* Begin PBXNativeTarget section */
		5CFA20C11E21569100B296C6 /* do-you-even-lift */ = {
			isa = PBXNativeTarget;
			buildConfigurationList = 5CFA20F21E21569300B296C6 /* Build configuration list for PBXNativeTarget "do-you-even-lift" */;
			buildPhases = (
				5CFA20BE1E21569100B296C6 /* Sources */,
				5CFA20BF1E21569100B296C6 /* Frameworks */,
				5CFA20C01E21569100B296C6 /* Resources */,
			);
			buildRules = (
			);
			dependencies = (
			);
			name = "do-you-even-lift";
			productName = "do-you-even-lift";
			productReference = 5CFA20C21E21569100B296C6 /* do-you-even-lift.app */;
			productType = "com.apple.product-type.application";
		};
		5CFA20DD1E21569200B296C6 /* do-you-even-liftTests */ = {
			isa = PBXNativeTarget;
			buildConfigurationList = 5CFA20F51E21569300B296C6 /* Build configuration list for PBXNativeTarget "do-you-even-liftTests" */;
			buildPhases = (
				5CFA20DA1E21569200B296C6 /* Sources */,
				5CFA20DB1E21569200B296C6 /* Frameworks */,
				5CFA20DC1E21569200B296C6 /* Resources */,
			);
			buildRules = (
			);
			dependencies = (
				5CFA20E01E21569200B296C6 /* PBXTargetDependency */,
			);
			name = "do-you-even-liftTests";
			productName = "do-you-even-liftTests";
			productReference = 5CFA20DE1E21569200B296C6 /* do-you-even-liftTests.xctest */;
			productType = "com.apple.product-type.bundle.unit-test";
		};
		5CFA20E81E21569200B296C6 /* do-you-even-liftUITests */ = {
			isa = PBXNativeTarget;
			buildConfigurationList = 5CFA20F81E21569300B296C6 /* Build configuration list for PBXNativeTarget "do-you-even-liftUITests" */;
			buildPhases = (
				5CFA20E51E21569200B296C6 /* Sources */,
				5CFA20E61E21569200B296C6 /* Frameworks */,
				5CFA20E71E21569200B296C6 /* Resources */,
			);
			buildRules = (
			);
			dependencies = (
				5CFA20EB1E21569200B296C6 /* PBXTargetDependency */,
			);
			name = "do-you-even-liftUITests";
			productName = "do-you-even-liftUITests";
			productReference = 5CFA20E91E21569200B296C6 /* do-you-even-liftUITests.xctest */;
			productType = "com.apple.product-type.bundle.ui-testing";
		};
/* End PBXNativeTarget section */

/* Begin PBXProject section */
		5CFA20BA1E21569100B296C6 /* Project object */ = {
			isa = PBXProject;
			attributes = {
				LastUpgradeCheck = 0720;
				ORGANIZATIONNAME = "Alex Burley";
				TargetAttributes = {
					5CFA20C11E21569100B296C6 = {
						CreatedOnToolsVersion = 7.2;
					};
					5CFA20DD1E21569200B296C6 = {
						CreatedOnToolsVersion = 7.2;
						TestTargetID = 5CFA20C11E21569100B296C6;
					};
					5CFA20E81E21569200B296C6 = {
						CreatedOnToolsVersion = 7.2;
						TestTargetID = 5CFA20C11E21569100B296C6;
					};
				};
			};
			buildConfigurationList = 5CFA20BD1E21569100B296C6 /* Build configuration list for PBXProject "do-you-even-lift" */;
			compatibilityVersion = "Xcode 3.2";
			developmentRegion = English;
			hasScannedForEncodings = 0;
			knownRegions = (
				en,
				Base,
			);
			mainGroup = 5CFA20B91E21569100B296C6;
			productRefGroup = 5CFA20C31E21569100B296C6 /* Products */;
			projectDirPath = "";
			projectRoot = "";
			targets = (
				5CFA20C11E21569100B296C6 /* do-you-even-lift */,
				5CFA20DD1E21569200B296C6 /* do-you-even-liftTests */,
				5CFA20E81E21569200B296C6 /* do-you-even-liftUITests */,
			);
		};
/* End PBXProject section */

/* Begin PBXResourcesBuildPhase section */
		5CFA20C01E21569100B296C6 /* Resources */ = {
			isa = PBXResourcesBuildPhase;
			buildActionMask = 2147483647;
			files = (
				5CFA20D81E21569200B296C6 /* LaunchScreen.storyboard in Resources */,
				5CFA20D51E21569200B296C6 /* Assets.xcassets in Resources */,
				5CFA20D01E21569200B296C6 /* Main.storyboard in Resources */,
			);
			runOnlyForDeploymentPostprocessing = 0;
		};
		5CFA20DC1E21569200B296C6 /* Resources */ = {
			isa = PBXResourcesBuildPhase;
			buildActionMask = 2147483647;
			files = (
			);
			runOnlyForDeploymentPostprocessing = 0;
		};
		5CFA20E71E21569200B296C6 /* Resources */ = {
			isa = PBXResourcesBuildPhase;
			buildActionMask = 2147483647;
			files = (
			);
			runOnlyForDeploymentPostprocessing = 0;
		};
/* End PBXResourcesBuildPhase section */

/* Begin PBXSourcesBuildPhase section */
		5CFA20BE1E21569100B296C6 /* Sources */ = {
			isa = PBXSourcesBuildPhase;
			buildActionMask = 2147483647;
			files = (
				5CFA20CD1E21569100B296C6 /* ViewController.m in Sources */,
				1A5F58941E243349002BBBF6 /* MenuViewController.m in Sources */,
				5CE42B8D1E23FBA200708591 /* UsersTableViewController.m in Sources */,
				5CFA20CA1E21569100B296C6 /* AppDelegate.m in Sources */,
				5CFA20C71E21569100B296C6 /* main.m in Sources */,
				5CFA20D31E21569200B296C6 /* do_you_even_lift.xcdatamodeld in Sources */,
			);
			runOnlyForDeploymentPostprocessing = 0;
		};
		5CFA20DA1E21569200B296C6 /* Sources */ = {
			isa = PBXSourcesBuildPhase;
			buildActionMask = 2147483647;
			files = (
				5CFA20E31E21569200B296C6 /* do_you_even_liftTests.m in Sources */,
			);
			runOnlyForDeploymentPostprocessing = 0;
		};
		5CFA20E51E21569200B296C6 /* Sources */ = {
			isa = PBXSourcesBuildPhase;
			buildActionMask = 2147483647;
			files = (
				5CFA20EE1E21569200B296C6 /* do_you_even_liftUITests.m in Sources */,
			);
			runOnlyForDeploymentPostprocessing = 0;
		};
/* End PBXSourcesBuildPhase section */

/* Begin PBXTargetDependency section */
		5CFA20E01E21569200B296C6 /* PBXTargetDependency */ = {
			isa = PBXTargetDependency;
			target = 5CFA20C11E21569100B296C6 /* do-you-even-lift */;
			targetProxy = 5CFA20DF1E21569200B296C6 /* PBXContainerItemProxy */;
		};
		5CFA20EB1E21569200B296C6 /* PBXTargetDependency */ = {
			isa = PBXTargetDependency;
			target = 5CFA20C11E21569100B296C6 /* do-you-even-lift */;
			targetProxy = 5CFA20EA1E21569200B296C6 /* PBXContainerItemProxy */;
		};
/* End PBXTargetDependency section */

/* Begin PBXVariantGroup section */
		5CFA20CE1E21569200B296C6 /* Main.storyboard */ = {
			isa = PBXVariantGroup;
			children = (
				5CFA20CF1E21569200B296C6 /* Base */,
			);
			name = Main.storyboard;
			sourceTree = "<group>";
		};
		5CFA20D61E21569200B296C6 /* LaunchScreen.storyboard */ = {
			isa = PBXVariantGroup;
			children = (
				5CFA20D71E21569200B296C6 /* Base */,
			);
			name = LaunchScreen.storyboard;
			sourceTree = "<group>";
		};
/* End PBXVariantGroup section */

/* Begin XCBuildConfiguration section */
		5CFA20F01E21569300B296C6 /* Debug */ = {
			isa = XCBuildConfiguration;
			buildSettings = {
				ALWAYS_SEARCH_USER_PATHS = NO;
				CLANG_CXX_LANGUAGE_STANDARD = "gnu++0x";
				CLANG_CXX_LIBRARY = "libc++";
				CLANG_ENABLE_MODULES = YES;
				CLANG_ENABLE_OBJC_ARC = YES;
				CLANG_WARN_BOOL_CONVERSION = YES;
				CLANG_WARN_CONSTANT_CONVERSION = YES;
				CLANG_WARN_DIRECT_OBJC_ISA_USAGE = YES_ERROR;
				CLANG_WARN_EMPTY_BODY = YES;
				CLANG_WARN_ENUM_CONVERSION = YES;
				CLANG_WARN_INT_CONVERSION = YES;
				CLANG_WARN_OBJC_ROOT_CLASS = YES_ERROR;
				CLANG_WARN_UNREACHABLE_CODE = YES;
				CLANG_WARN__DUPLICATE_METHOD_MATCH = YES;
				"CODE_SIGN_IDENTITY[sdk=iphoneos*]" = "iPhone Developer";
				COPY_PHASE_STRIP = NO;
				DEBUG_INFORMATION_FORMAT = dwarf;
				ENABLE_STRICT_OBJC_MSGSEND = YES;
				ENABLE_TESTABILITY = YES;
				GCC_C_LANGUAGE_STANDARD = gnu99;
				GCC_DYNAMIC_NO_PIC = NO;
				GCC_NO_COMMON_BLOCKS = YES;
				GCC_OPTIMIZATION_LEVEL = 0;
				GCC_PREPROCESSOR_DEFINITIONS = (
					"DEBUG=1",
					"$(inherited)",
				);
				GCC_WARN_64_TO_32_BIT_CONVERSION = YES;
				GCC_WARN_ABOUT_RETURN_TYPE = YES_ERROR;
				GCC_WARN_UNDECLARED_SELECTOR = YES;
				GCC_WARN_UNINITIALIZED_AUTOS = YES_AGGRESSIVE;
				GCC_WARN_UNUSED_FUNCTION = YES;
				GCC_WARN_UNUSED_VARIABLE = YES;
				IPHONEOS_DEPLOYMENT_TARGET = 9.2;
				MTL_ENABLE_DEBUG_INFO = YES;
				ONLY_ACTIVE_ARCH = YES;
				SDKROOT = iphoneos;
			};
			name = Debug;
		};
		5CFA20F11E21569300B296C6 /* Release */ = {
			isa = XCBuildConfiguration;
			buildSettings = {
				ALWAYS_SEARCH_USER_PATHS = NO;
				CLANG_CXX_LANGUAGE_STANDARD = "gnu++0x";
				CLANG_CXX_LIBRARY = "libc++";
				CLANG_ENABLE_MODULES = YES;
				CLANG_ENABLE_OBJC_ARC = YES;
				CLANG_WARN_BOOL_CONVERSION = YES;
				CLANG_WARN_CONSTANT_CONVERSION = YES;
				CLANG_WARN_DIRECT_OBJC_ISA_USAGE = YES_ERROR;
				CLANG_WARN_EMPTY_BODY = YES;
				CLANG_WARN_ENUM_CONVERSION = YES;
				CLANG_WARN_INT_CONVERSION = YES;
				CLANG_WARN_OBJC_ROOT_CLASS = YES_ERROR;
				CLANG_WARN_UNREACHABLE_CODE = YES;
				CLANG_WARN__DUPLICATE_METHOD_MATCH = YES;
				"CODE_SIGN_IDENTITY[sdk=iphoneos*]" = "iPhone Developer";
				COPY_PHASE_STRIP = NO;
				DEBUG_INFORMATION_FORMAT = "dwarf-with-dsym";
				ENABLE_NS_ASSERTIONS = NO;
				ENABLE_STRICT_OBJC_MSGSEND = YES;
				GCC_C_LANGUAGE_STANDARD = gnu99;
				GCC_NO_COMMON_BLOCKS = YES;
				GCC_WARN_64_TO_32_BIT_CONVERSION = YES;
				GCC_WARN_ABOUT_RETURN_TYPE = YES_ERROR;
				GCC_WARN_UNDECLARED_SELECTOR = YES;
				GCC_WARN_UNINITIALIZED_AUTOS = YES_AGGRESSIVE;
				GCC_WARN_UNUSED_FUNCTION = YES;
				GCC_WARN_UNUSED_VARIABLE = YES;
				IPHONEOS_DEPLOYMENT_TARGET = 9.2;
				MTL_ENABLE_DEBUG_INFO = NO;
				SDKROOT = iphoneos;
				VALIDATE_PRODUCT = YES;
			};
			name = Release;
		};
		5CFA20F31E21569300B296C6 /* Debug */ = {
			isa = XCBuildConfiguration;
			buildSettings = {
				ASSETCATALOG_COMPILER_APPICON_NAME = AppIcon;
				FRAMEWORK_SEARCH_PATHS = "~/Documents/FacebookSDK";
				INFOPLIST_FILE = "do-you-even-lift/Info.plist";
				LD_RUNPATH_SEARCH_PATHS = "$(inherited) @executable_path/Frameworks";
				PRODUCT_BUNDLE_IDENTIFIER = "com.sheffield.do-you-even-lift";
				PRODUCT_NAME = "$(TARGET_NAME)";
			};
			name = Debug;
		};
		5CFA20F41E21569300B296C6 /* Release */ = {
			isa = XCBuildConfiguration;
			buildSettings = {
				ASSETCATALOG_COMPILER_APPICON_NAME = AppIcon;
				FRAMEWORK_SEARCH_PATHS = "~/Documents/FacebookSDK";
				INFOPLIST_FILE = "do-you-even-lift/Info.plist";
				LD_RUNPATH_SEARCH_PATHS = "$(inherited) @executable_path/Frameworks";
				PRODUCT_BUNDLE_IDENTIFIER = "com.sheffield.do-you-even-lift";
				PRODUCT_NAME = "$(TARGET_NAME)";
			};
			name = Release;
		};
		5CFA20F61E21569300B296C6 /* Debug */ = {
			isa = XCBuildConfiguration;
			buildSettings = {
				BUNDLE_LOADER = "$(TEST_HOST)";
				INFOPLIST_FILE = "do-you-even-liftTests/Info.plist";
				LD_RUNPATH_SEARCH_PATHS = "$(inherited) @executable_path/Frameworks @loader_path/Frameworks";
				PRODUCT_BUNDLE_IDENTIFIER = "com.sheffield.do-you-even-liftTests";
				PRODUCT_NAME = "$(TARGET_NAME)";
				TEST_HOST = "$(BUILT_PRODUCTS_DIR)/do-you-even-lift.app/do-you-even-lift";
			};
			name = Debug;
		};
		5CFA20F71E21569300B296C6 /* Release */ = {
			isa = XCBuildConfiguration;
			buildSettings = {
				BUNDLE_LOADER = "$(TEST_HOST)";
				INFOPLIST_FILE = "do-you-even-liftTests/Info.plist";
				LD_RUNPATH_SEARCH_PATHS = "$(inherited) @executable_path/Frameworks @loader_path/Frameworks";
				PRODUCT_BUNDLE_IDENTIFIER = "com.sheffield.do-you-even-liftTests";
				PRODUCT_NAME = "$(TARGET_NAME)";
				TEST_HOST = "$(BUILT_PRODUCTS_DIR)/do-you-even-lift.app/do-you-even-lift";
			};
			name = Release;
		};
		5CFA20F91E21569300B296C6 /* Debug */ = {
			isa = XCBuildConfiguration;
			buildSettings = {
				INFOPLIST_FILE = "do-you-even-liftUITests/Info.plist";
				LD_RUNPATH_SEARCH_PATHS = "$(inherited) @executable_path/Frameworks @loader_path/Frameworks";
				PRODUCT_BUNDLE_IDENTIFIER = "com.sheffield.do-you-even-liftUITests";
				PRODUCT_NAME = "$(TARGET_NAME)";
				TEST_TARGET_NAME = "do-you-even-lift";
				USES_XCTRUNNER = YES;
			};
			name = Debug;
		};
		5CFA20FA1E21569300B296C6 /* Release */ = {
			isa = XCBuildConfiguration;
			buildSettings = {
				INFOPLIST_FILE = "do-you-even-liftUITests/Info.plist";
				LD_RUNPATH_SEARCH_PATHS = "$(inherited) @executable_path/Frameworks @loader_path/Frameworks";
				PRODUCT_BUNDLE_IDENTIFIER = "com.sheffield.do-you-even-liftUITests";
				PRODUCT_NAME = "$(TARGET_NAME)";
				TEST_TARGET_NAME = "do-you-even-lift";
				USES_XCTRUNNER = YES;
			};
			name = Release;
		};
/* End XCBuildConfiguration section */

/* Begin XCConfigurationList section */
		5CFA20BD1E21569100B296C6 /* Build configuration list for PBXProject "do-you-even-lift" */ = {
			isa = XCConfigurationList;
			buildConfigurations = (
				5CFA20F01E21569300B296C6 /* Debug */,
				5CFA20F11E21569300B296C6 /* Release */,
			);
			defaultConfigurationIsVisible = 0;
			defaultConfigurationName = Release;
		};
		5CFA20F21E21569300B296C6 /* Build configuration list for PBXNativeTarget "do-you-even-lift" */ = {
			isa = XCConfigurationList;
			buildConfigurations = (
				5CFA20F31E21569300B296C6 /* Debug */,
				5CFA20F41E21569300B296C6 /* Release */,
			);
			defaultConfigurationIsVisible = 0;
			defaultConfigurationName = Release;
		};
		5CFA20F51E21569300B296C6 /* Build configuration list for PBXNativeTarget "do-you-even-liftTests" */ = {
			isa = XCConfigurationList;
			buildConfigurations = (
				5CFA20F61E21569300B296C6 /* Debug */,
				5CFA20F71E21569300B296C6 /* Release */,
			);
			defaultConfigurationIsVisible = 0;
			defaultConfigurationName = Release;
		};
		5CFA20F81E21569300B296C6 /* Build configuration list for PBXNativeTarget "do-you-even-liftUITests" */ = {
			isa = XCConfigurationList;
			buildConfigurations = (
				5CFA20F91E21569300B296C6 /* Debug */,
				5CFA20FA1E21569300B296C6 /* Release */,
			);
			defaultConfigurationIsVisible = 0;
			defaultConfigurationName = Release;
		};
/* End XCConfigurationList section */

/* Begin XCVersionGroup section */
		5CFA20D11E21569200B296C6 /* do_you_even_lift.xcdatamodeld */ = {
			isa = XCVersionGroup;
			children = (
				5CFA20D21E21569200B296C6 /* do_you_even_lift.xcdatamodel */,
			);
			currentVersion = 5CFA20D21E21569200B296C6 /* do_you_even_lift.xcdatamodel */;
			path = do_you_even_lift.xcdatamodeld;
			sourceTree = "<group>";
			versionGroupType = wrapper.xcdatamodel;
		};
/* End XCVersionGroup section */
	};
	rootObject = 5CFA20BA1E21569100B296C6 /* Project object */;
}
